
Microsoft Visual Studio Solution File, Format Version 12.00
# Visual Studio Version 17
VisualStudioVersion = 17.14.36301.6
MinimumVisualStudioVersion = 10.0.40219.1
Project("{2150E333-8FDC-42A3-9474-1A3956D46DE8}") = "_Solution", "_Solution", "{02EA681E-C7D8-13C7-8484-4AC65E1B71E8}"
	ProjectSection(SolutionItems) = preProject
		Directory.Build.props = Directory.Build.props
		nuget.config = nuget.config
		README.md = README.md
	EndProjectSection
EndProject
Project("{D954291E-2A0B-460D-934E-DC6B0785DB48}") = "Core_BreastPhysicsController", "Core_BreastPhysicsController\Core_BreastPhysicsController.shproj", "{80FB3FE0-6444-41C9-85B8-7588EC87958C}"
EndProject
Project("{FAE04EC0-301F-11D3-BF4B-00C04F79EFBC}") = "KK_BreastPhysicsController", "KK_BreastPhysicsController\KK_BreastPhysicsController.csproj", "{11F771BB-A330-0C3D-BB3E-E544BB92FF9A}"
EndProject
Project("{FAE04EC0-301F-11D3-BF4B-00C04F79EFBC}") = "KKS_BreastPhysicsController", "KKS_BreastPhysicsController\KKS_BreastPhysicsController.csproj", "{408E69FC-CEE9-9CB1-2A05-B8016CD5BA34}"
EndProject
Global
	GlobalSection(SolutionConfigurationPlatforms) = preSolution
		Debug|Any CPU = Debug|Any CPU
		Release|Any CPU = Release|Any CPU
	EndGlobalSection
	GlobalSection(ProjectConfigurationPlatforms) = postSolution
		{11F771BB-A330-0C3D-BB3E-E544BB92FF9A}.Debug|Any CPU.ActiveCfg = Debug|Any CPU
		{11F771BB-A330-0C3D-BB3E-E544BB92FF9A}.Debug|Any CPU.Build.0 = Debug|Any CPU
		{11F771BB-A330-0C3D-BB3E-E544BB92FF9A}.Release|Any CPU.ActiveCfg = Release|Any CPU
		{11F771BB-A330-0C3D-BB3E-E544BB92FF9A}.Release|Any CPU.Build.0 = Release|Any CPU
		{408E69FC-CEE9-9CB1-2A05-B8016CD5BA34}.Debug|Any CPU.ActiveCfg = Debug|Any CPU
		{408E69FC-CEE9-9CB1-2A05-B8016CD5BA34}.Debug|Any CPU.Build.0 = Debug|Any CPU
		{408E69FC-CEE9-9CB1-2A05-B8016CD5BA34}.Release|Any CPU.ActiveCfg = Release|Any CPU
		{408E69FC-CEE9-9CB1-2A05-B8016CD5BA34}.Release|Any CPU.Build.0 = Release|Any CPU
	EndGlobalSection
	GlobalSection(SolutionProperties) = preSolution
		HideSolutionNode = FALSE
	EndGlobalSection
	GlobalSection(ExtensibilityGlobals) = postSolution
		SolutionGuid = {B6E84DC8-0BAB-4D23-9A32-9CFCC46BCD6C}
	EndGlobalSection
	GlobalSection(SharedMSBuildProjectFiles) = preSolution
		Core_BreastPhysicsController\Core_BreastPhysicsController.projitems*{11f771bb-a330-0c3d-bb3e-e544bb92ff9a}*SharedItemsImports = 5
		Core_BreastPhysicsController\Core_BreastPhysicsController.projitems*{408e69fc-cee9-9cb1-2a05-b8016cd5ba34}*SharedItemsImports = 5
		Core_BreastPhysicsController\Core_BreastPhysicsController.projitems*{80fb3fe0-6444-41c9-85b8-7588ec87958c}*SharedItemsImports = 13
	EndGlobalSection
EndGlobal
